
Microsoft Visual Studio Solution File, Format Version 12.00
# Visual Studio Version 17
VisualStudioVersion = 17.13.35806.99
MinimumVisualStudioVersion = 10.0.40219.1
Project("{8BC9CEB8-8B4A-11D0-8D11-00A0C91BC942}") = "Core", "Core\Core.vcxproj", "{3FB08F6A-E251-499D-A48F-41C4CF83E629}"
EndProject
Project("{8BC9CEB8-8B4A-11D0-8D11-00A0C91BC942}") = "Presentation", "Presentation\Presentation.vcxproj", "{F43C6211-A555-490B-AD35-26FA3755CB51}"
EndProject
Project("{8BC9CEB8-8B4A-11D0-8D11-00A0C91BC942}") = "Business", "Business\Business.vcxproj", "{092457A8-A952-4C65-9D74-EFF7D8FDF1AB}"
EndProject
Project("{8BC9CEB8-8B4A-11D0-8D11-00A0C91BC942}") = "Access", "Access\Access.vcxproj", "{778C79CF-D69D-45AA-A4C7-6BF99B07A70A}"
EndProject
Project("{8BC9CEB8-8B4A-11D0-8D11-00A0C91BC942}") = "TestCore", "TestCore\TestCore.vcxproj", "{52FF5E5F-D9DA-4F03-9145-B84263AB1696}"
EndProject
Project("{8BC9CEB8-8B4A-11D0-8D11-00A0C91BC942}") = "Builder", "Builder\Builder.vcxproj", "{43CB13FD-CC15-4D5D-99AA-1E31D43E9340}"
EndProject
Project("{8BC9CEB8-8B4A-11D0-8D11-00A0C91BC942}") = "TestAccess", "TestAccess\TestAccess.vcxproj", "{6C2CAD88-E678-D171-53E9-B3B4D93C8D8E}"
EndProject
Global
	GlobalSection(SolutionConfigurationPlatforms) = preSolution
		Debug|x64 = Debug|x64
		Debug|x86 = Debug|x86
		Release|x64 = Release|x64
		Release|x86 = Release|x86
	EndGlobalSection
	GlobalSection(ProjectConfigurationPlatforms) = postSolution
		{3FB08F6A-E251-499D-A48F-41C4CF83E629}.Debug|x64.ActiveCfg = Debug|x64
		{3FB08F6A-E251-499D-A48F-41C4CF83E629}.Debug|x64.Build.0 = Debug|x64
		{3FB08F6A-E251-499D-A48F-41C4CF83E629}.Debug|x86.ActiveCfg = Debug|Win32
		{3FB08F6A-E251-499D-A48F-41C4CF83E629}.Debug|x86.Build.0 = Debug|Win32
		{3FB08F6A-E251-499D-A48F-41C4CF83E629}.Release|x64.ActiveCfg = Release|x64
		{3FB08F6A-E251-499D-A48F-41C4CF83E629}.Release|x64.Build.0 = Release|x64
		{3FB08F6A-E251-499D-A48F-41C4CF83E629}.Release|x86.ActiveCfg = Release|Win32
		{3FB08F6A-E251-499D-A48F-41C4CF83E629}.Release|x86.Build.0 = Release|Win32
		{F43C6211-A555-490B-AD35-26FA3755CB51}.Debug|x64.ActiveCfg = Debug|x64
		{F43C6211-A555-490B-AD35-26FA3755CB51}.Debug|x64.Build.0 = Debug|x64
		{F43C6211-A555-490B-AD35-26FA3755CB51}.Debug|x86.ActiveCfg = Debug|Win32
		{F43C6211-A555-490B-AD35-26FA3755CB51}.Debug|x86.Build.0 = Debug|Win32
		{F43C6211-A555-490B-AD35-26FA3755CB51}.Release|x64.ActiveCfg = Release|x64
		{F43C6211-A555-490B-AD35-26FA3755CB51}.Release|x64.Build.0 = Release|x64
		{F43C6211-A555-490B-AD35-26FA3755CB51}.Release|x86.ActiveCfg = Release|Win32
		{F43C6211-A555-490B-AD35-26FA3755CB51}.Release|x86.Build.0 = Release|Win32
		{092457A8-A952-4C65-9D74-EFF7D8FDF1AB}.Debug|x64.ActiveCfg = Debug|x64
		{092457A8-A952-4C65-9D74-EFF7D8FDF1AB}.Debug|x64.Build.0 = Debug|x64
		{092457A8-A952-4C65-9D74-EFF7D8FDF1AB}.Debug|x86.ActiveCfg = Debug|Win32
		{092457A8-A952-4C65-9D74-EFF7D8FDF1AB}.Debug|x86.Build.0 = Debug|Win32
		{092457A8-A952-4C65-9D74-EFF7D8FDF1AB}.Release|x64.ActiveCfg = Release|x64
		{092457A8-A952-4C65-9D74-EFF7D8FDF1AB}.Release|x64.Build.0 = Release|x64
		{092457A8-A952-4C65-9D74-EFF7D8FDF1AB}.Release|x86.ActiveCfg = Release|Win32
		{092457A8-A952-4C65-9D74-EFF7D8FDF1AB}.Release|x86.Build.0 = Release|Win32
		{778C79CF-D69D-45AA-A4C7-6BF99B07A70A}.Debug|x64.ActiveCfg = Debug|x64
		{778C79CF-D69D-45AA-A4C7-6BF99B07A70A}.Debug|x64.Build.0 = Debug|x64
		{778C79CF-D69D-45AA-A4C7-6BF99B07A70A}.Debug|x86.ActiveCfg = Debug|Win32
		{778C79CF-D69D-45AA-A4C7-6BF99B07A70A}.Debug|x86.Build.0 = Debug|Win32
		{778C79CF-D69D-45AA-A4C7-6BF99B07A70A}.Release|x64.ActiveCfg = Release|x64
		{778C79CF-D69D-45AA-A4C7-6BF99B07A70A}.Release|x64.Build.0 = Release|x64
		{778C79CF-D69D-45AA-A4C7-6BF99B07A70A}.Release|x86.ActiveCfg = Release|Win32
		{778C79CF-D69D-45AA-A4C7-6BF99B07A70A}.Release|x86.Build.0 = Release|Win32
		{52FF5E5F-D9DA-4F03-9145-B84263AB1696}.Debug|x64.ActiveCfg = Debug|x64
		{52FF5E5F-D9DA-4F03-9145-B84263AB1696}.Debug|x64.Build.0 = Debug|x64
		{52FF5E5F-D9DA-4F03-9145-B84263AB1696}.Debug|x86.ActiveCfg = Debug|Win32
		{52FF5E5F-D9DA-4F03-9145-B84263AB1696}.Debug|x86.Build.0 = Debug|Win32
		{52FF5E5F-D9DA-4F03-9145-B84263AB1696}.Release|x64.ActiveCfg = Release|x64
		{52FF5E5F-D9DA-4F03-9145-B84263AB1696}.Release|x64.Build.0 = Release|x64
		{52FF5E5F-D9DA-4F03-9145-B84263AB1696}.Release|x86.ActiveCfg = Release|Win32
		{52FF5E5F-D9DA-4F03-9145-B84263AB1696}.Release|x86.Build.0 = Release|Win32
		{43CB13FD-CC15-4D5D-99AA-1E31D43E9340}.Debug|x64.ActiveCfg = Debug|x64
		{43CB13FD-CC15-4D5D-99AA-1E31D43E9340}.Debug|x64.Build.0 = Debug|x64
		{43CB13FD-CC15-4D5D-99AA-1E31D43E9340}.Debug|x86.ActiveCfg = Debug|Win32
		{43CB13FD-CC15-4D5D-99AA-1E31D43E9340}.Debug|x86.Build.0 = Debug|Win32
		{43CB13FD-CC15-4D5D-99AA-1E31D43E9340}.Release|x64.ActiveCfg = Release|x64
		{43CB13FD-CC15-4D5D-99AA-1E31D43E9340}.Release|x64.Build.0 = Release|x64
		{43CB13FD-CC15-4D5D-99AA-1E31D43E9340}.Release|x86.ActiveCfg = Release|Win32
		{43CB13FD-CC15-4D5D-99AA-1E31D43E9340}.Release|x86.Build.0 = Release|Win32
		{6C2CAD88-E678-D171-53E9-B3B4D93C8D8E}.Debug|x64.ActiveCfg = Debug|x64
		{6C2CAD88-E678-D171-53E9-B3B4D93C8D8E}.Debug|x64.Build.0 = Debug|x64
		{6C2CAD88-E678-D171-53E9-B3B4D93C8D8E}.Debug|x86.ActiveCfg = Debug|Win32
		{6C2CAD88-E678-D171-53E9-B3B4D93C8D8E}.Debug|x86.Build.0 = Debug|Win32
		{6C2CAD88-E678-D171-53E9-B3B4D93C8D8E}.Release|x64.ActiveCfg = Release|x64
		{6C2CAD88-E678-D171-53E9-B3B4D93C8D8E}.Release|x64.Build.0 = Release|x64
		{6C2CAD88-E678-D171-53E9-B3B4D93C8D8E}.Release|x86.ActiveCfg = Release|Win32
		{6C2CAD88-E678-D171-53E9-B3B4D93C8D8E}.Release|x86.Build.0 = Release|Win32
	EndGlobalSection
	GlobalSection(SolutionProperties) = preSolution
		HideSolutionNode = FALSE
	EndGlobalSection
	GlobalSection(ExtensibilityGlobals) = postSolution
		SolutionGuid = {3318F640-C2BA-48F5-954E-FB90BB8E1139}
	EndGlobalSection
EndGlobal
